// !$*UTF8*$!
{
	archiveVersion = 1;
	classes = {
	};
	objectVersion = 55;
	objects = {

/* Begin PBXBuildFile section */
		01043AD4BFA4DE23E7614812 /* Pods_Assignment1.framework in Frameworks */ = {isa = PBXBuildFile; fileRef = 749DC1D8A9727307B43B1BB9 /* Pods_Assignment1.framework */; };
		215678FA28C397F900AB7E3A /* AppDelegate.swift in Sources */ = {isa = PBXBuildFile; fileRef = 215678F928C397F900AB7E3A /* AppDelegate.swift */; };
		215678FC28C397F900AB7E3A /* SceneDelegate.swift in Sources */ = {isa = PBXBuildFile; fileRef = 215678FB28C397F900AB7E3A /* SceneDelegate.swift */; };
		215678FE28C397F900AB7E3A /* MoviesViewController.swift in Sources */ = {isa = PBXBuildFile; fileRef = 215678FD28C397F900AB7E3A /* MoviesViewController.swift */; };
		2156790128C397F900AB7E3A /* Main.storyboard in Resources */ = {isa = PBXBuildFile; fileRef = 215678FF28C397F900AB7E3A /* Main.storyboard */; };
		2156790328C397FA00AB7E3A /* Assets.xcassets in Resources */ = {isa = PBXBuildFile; fileRef = 2156790228C397FA00AB7E3A /* Assets.xcassets */; };
		2156790628C397FA00AB7E3A /* LaunchScreen.storyboard in Resources */ = {isa = PBXBuildFile; fileRef = 2156790428C397FA00AB7E3A /* LaunchScreen.storyboard */; };
		2156791128C397FA00AB7E3A /* Assignment1Tests.swift in Sources */ = {isa = PBXBuildFile; fileRef = 2156791028C397FA00AB7E3A /* Assignment1Tests.swift */; };
		2156791B28C397FA00AB7E3A /* Assignment1UITests.swift in Sources */ = {isa = PBXBuildFile; fileRef = 2156791A28C397FA00AB7E3A /* Assignment1UITests.swift */; };
		2156791D28C397FA00AB7E3A /* Assignment1UITestsLaunchTests.swift in Sources */ = {isa = PBXBuildFile; fileRef = 2156791C28C397FA00AB7E3A /* Assignment1UITestsLaunchTests.swift */; };
		21E544D728CA81CF00BA7BD7 /* MoviesGridViewController.swift in Sources */ = {isa = PBXBuildFile; fileRef = 21E544D628CA81CF00BA7BD7 /* MoviesGridViewController.swift */; };
		21E544D928CA85D300BA7BD7 /* MovieGridCell.swift in Sources */ = {isa = PBXBuildFile; fileRef = 21E544D828CA85D300BA7BD7 /* MovieGridCell.swift */; };
		21F2F70028C3AF5600BB1DA9 /* MovieCell.swift in Sources */ = {isa = PBXBuildFile; fileRef = 21F2F6FF28C3AF5600BB1DA9 /* MovieCell.swift */; };
		21F2F70228CA6D3A00BB1DA9 /* MovieDetailsViewController.swift in Sources */ = {isa = PBXBuildFile; fileRef = 21F2F70128CA6D3A00BB1DA9 /* MovieDetailsViewController.swift */; };
		32D5CE1FDD16B08A7B59F88D /* Pods_Assignment1Tests.framework in Frameworks */ = {isa = PBXBuildFile; fileRef = AE7A6FB93574559685A1461A /* Pods_Assignment1Tests.framework */; };
		CF19A77B3AC5581797E110B9 /* Pods_Assignment1_Assignment1UITests.framework in Frameworks */ = {isa = PBXBuildFile; fileRef = A5F6EAFC46814DAF7FF3C2D4 /* Pods_Assignment1_Assignment1UITests.framework */; };
/* End PBXBuildFile section */

/* Begin PBXContainerItemProxy section */
		2156790D28C397FA00AB7E3A /* PBXContainerItemProxy */ = {
			isa = PBXContainerItemProxy;
			containerPortal = 215678EE28C397F900AB7E3A /* Project object */;
			proxyType = 1;
			remoteGlobalIDString = 215678F528C397F900AB7E3A;
			remoteInfo = Assignment1;
		};
		2156791728C397FA00AB7E3A /* PBXContainerItemProxy */ = {
			isa = PBXContainerItemProxy;
			containerPortal = 215678EE28C397F900AB7E3A /* Project object */;
			proxyType = 1;
			remoteGlobalIDString = 215678F528C397F900AB7E3A;
			remoteInfo = Assignment1;
		};
/* End PBXContainerItemProxy section */

/* Begin PBXFileReference section */
		1160D802D92A08CD85040E84 /* Pods-Assignment1.debug.xcconfig */ = {isa = PBXFileReference; includeInIndex = 1; lastKnownFileType = text.xcconfig; name = "Pods-Assignment1.debug.xcconfig"; path = "Target Support Files/Pods-Assignment1/Pods-Assignment1.debug.xcconfig"; sourceTree = "<group>"; };
		215678F628C397F900AB7E3A /* Assignment1.app */ = {isa = PBXFileReference; explicitFileType = wrapper.application; includeInIndex = 0; path = Assignment1.app; sourceTree = BUILT_PRODUCTS_DIR; };
		215678F928C397F900AB7E3A /* AppDelegate.swift */ = {isa = PBXFileReference; lastKnownFileType = sourcecode.swift; path = AppDelegate.swift; sourceTree = "<group>"; };
		215678FB28C397F900AB7E3A /* SceneDelegate.swift */ = {isa = PBXFileReference; lastKnownFileType = sourcecode.swift; path = SceneDelegate.swift; sourceTree = "<group>"; };
		215678FD28C397F900AB7E3A /* MoviesViewController.swift */ = {isa = PBXFileReference; lastKnownFileType = sourcecode.swift; path = MoviesViewController.swift; sourceTree = "<group>"; };
		2156790028C397F900AB7E3A /* Base */ = {isa = PBXFileReference; lastKnownFileType = file.storyboard; name = Base; path = Base.lproj/Main.storyboard; sourceTree = "<group>"; };
		2156790228C397FA00AB7E3A /* Assets.xcassets */ = {isa = PBXFileReference; lastKnownFileType = folder.assetcatalog; path = Assets.xcassets; sourceTree = "<group>"; };
		2156790528C397FA00AB7E3A /* Base */ = {isa = PBXFileReference; lastKnownFileType = file.storyboard; name = Base; path = Base.lproj/LaunchScreen.storyboard; sourceTree = "<group>"; };
		2156790728C397FA00AB7E3A /* Info.plist */ = {isa = PBXFileReference; lastKnownFileType = text.plist.xml; path = Info.plist; sourceTree = "<group>"; };
		2156790C28C397FA00AB7E3A /* Assignment1Tests.xctest */ = {isa = PBXFileReference; explicitFileType = wrapper.cfbundle; includeInIndex = 0; path = Assignment1Tests.xctest; sourceTree = BUILT_PRODUCTS_DIR; };
		2156791028C397FA00AB7E3A /* Assignment1Tests.swift */ = {isa = PBXFileReference; lastKnownFileType = sourcecode.swift; path = Assignment1Tests.swift; sourceTree = "<group>"; };
		2156791628C397FA00AB7E3A /* Assignment1UITests.xctest */ = {isa = PBXFileReference; explicitFileType = wrapper.cfbundle; includeInIndex = 0; path = Assignment1UITests.xctest; sourceTree = BUILT_PRODUCTS_DIR; };
		2156791A28C397FA00AB7E3A /* Assignment1UITests.swift */ = {isa = PBXFileReference; lastKnownFileType = sourcecode.swift; path = Assignment1UITests.swift; sourceTree = "<group>"; };
		2156791C28C397FA00AB7E3A /* Assignment1UITestsLaunchTests.swift */ = {isa = PBXFileReference; lastKnownFileType = sourcecode.swift; path = Assignment1UITestsLaunchTests.swift; sourceTree = "<group>"; };
		21E544D628CA81CF00BA7BD7 /* MoviesGridViewController.swift */ = {isa = PBXFileReference; lastKnownFileType = sourcecode.swift; path = MoviesGridViewController.swift; sourceTree = "<group>"; };
		21E544D828CA85D300BA7BD7 /* MovieGridCell.swift */ = {isa = PBXFileReference; lastKnownFileType = sourcecode.swift; path = MovieGridCell.swift; sourceTree = "<group>"; };
		21F2F6FF28C3AF5600BB1DA9 /* MovieCell.swift */ = {isa = PBXFileReference; lastKnownFileType = sourcecode.swift; path = MovieCell.swift; sourceTree = "<group>"; };
		21F2F70128CA6D3A00BB1DA9 /* MovieDetailsViewController.swift */ = {isa = PBXFileReference; lastKnownFileType = sourcecode.swift; path = MovieDetailsViewController.swift; sourceTree = "<group>"; };
		749DC1D8A9727307B43B1BB9 /* Pods_Assignment1.framework */ = {isa = PBXFileReference; explicitFileType = wrapper.framework; includeInIndex = 0; path = Pods_Assignment1.framework; sourceTree = BUILT_PRODUCTS_DIR; };
		9E8B54BDDD7B7AE37399F2DA /* Pods-Assignment1-Assignment1UITests.release.xcconfig */ = {isa = PBXFileReference; includeInIndex = 1; lastKnownFileType = text.xcconfig; name = "Pods-Assignment1-Assignment1UITests.release.xcconfig"; path = "Target Support Files/Pods-Assignment1-Assignment1UITests/Pods-Assignment1-Assignment1UITests.release.xcconfig"; sourceTree = "<group>"; };
		A5F6EAFC46814DAF7FF3C2D4 /* Pods_Assignment1_Assignment1UITests.framework */ = {isa = PBXFileReference; explicitFileType = wrapper.framework; includeInIndex = 0; path = Pods_Assignment1_Assignment1UITests.framework; sourceTree = BUILT_PRODUCTS_DIR; };
		A7DC17B98E3991A6B7A67F9D /* Pods-Assignment1.release.xcconfig */ = {isa = PBXFileReference; includeInIndex = 1; lastKnownFileType = text.xcconfig; name = "Pods-Assignment1.release.xcconfig"; path = "Target Support Files/Pods-Assignment1/Pods-Assignment1.release.xcconfig"; sourceTree = "<group>"; };
		AE7A6FB93574559685A1461A /* Pods_Assignment1Tests.framework */ = {isa = PBXFileReference; explicitFileType = wrapper.framework; includeInIndex = 0; path = Pods_Assignment1Tests.framework; sourceTree = BUILT_PRODUCTS_DIR; };
		CD06107E506971C20F6FEBA9 /* Pods-Assignment1Tests.debug.xcconfig */ = {isa = PBXFileReference; includeInIndex = 1; lastKnownFileType = text.xcconfig; name = "Pods-Assignment1Tests.debug.xcconfig"; path = "Target Support Files/Pods-Assignment1Tests/Pods-Assignment1Tests.debug.xcconfig"; sourceTree = "<group>"; };
		EDFAFCE5F7103E882358A58E /* Pods-Assignment1-Assignment1UITests.debug.xcconfig */ = {isa = PBXFileReference; includeInIndex = 1; lastKnownFileType = text.xcconfig; name = "Pods-Assignment1-Assignment1UITests.debug.xcconfig"; path = "Target Support Files/Pods-Assignment1-Assignment1UITests/Pods-Assignment1-Assignment1UITests.debug.xcconfig"; sourceTree = "<group>"; };
		F6710D4F7B14D8E936AA6373 /* Pods-Assignment1Tests.release.xcconfig */ = {isa = PBXFileReference; includeInIndex = 1; lastKnownFileType = text.xcconfig; name = "Pods-Assignment1Tests.release.xcconfig"; path = "Target Support Files/Pods-Assignment1Tests/Pods-Assignment1Tests.release.xcconfig"; sourceTree = "<group>"; };
/* End PBXFileReference section */

/* Begin PBXFrameworksBuildPhase section */
		215678F328C397F900AB7E3A /* Frameworks */ = {
			isa = PBXFrameworksBuildPhase;
			buildActionMask = 2147483647;
			files = (
				01043AD4BFA4DE23E7614812 /* Pods_Assignment1.framework in Frameworks */,
			);
			runOnlyForDeploymentPostprocessing = 0;
		};
		2156790928C397FA00AB7E3A /* Frameworks */ = {
			isa = PBXFrameworksBuildPhase;
			buildActionMask = 2147483647;
			files = (
				32D5CE1FDD16B08A7B59F88D /* Pods_Assignment1Tests.framework in Frameworks */,
			);
			runOnlyForDeploymentPostprocessing = 0;
		};
		2156791328C397FA00AB7E3A /* Frameworks */ = {
			isa = PBXFrameworksBuildPhase;
			buildActionMask = 2147483647;
			files = (
				CF19A77B3AC5581797E110B9 /* Pods_Assignment1_Assignment1UITests.framework in Frameworks */,
			);
			runOnlyForDeploymentPostprocessing = 0;
		};
/* End PBXFrameworksBuildPhase section */

/* Begin PBXGroup section */
		215678ED28C397F900AB7E3A = {
			isa = PBXGroup;
			children = (
				215678F828C397F900AB7E3A /* Assignment1 */,
				2156790F28C397FA00AB7E3A /* Assignment1Tests */,
				2156791928C397FA00AB7E3A /* Assignment1UITests */,
				215678F728C397F900AB7E3A /* Products */,
				7A40110586ED0D294055F477 /* Pods */,
				2D0D5C63D42B2A1286344A25 /* Frameworks */,
			);
			sourceTree = "<group>";
		};
		215678F728C397F900AB7E3A /* Products */ = {
			isa = PBXGroup;
			children = (
				215678F628C397F900AB7E3A /* Assignment1.app */,
				2156790C28C397FA00AB7E3A /* Assignment1Tests.xctest */,
				2156791628C397FA00AB7E3A /* Assignment1UITests.xctest */,
			);
			name = Products;
			sourceTree = "<group>";
		};
		215678F828C397F900AB7E3A /* Assignment1 */ = {
			isa = PBXGroup;
			children = (
				215678F928C397F900AB7E3A /* AppDelegate.swift */,
				215678FB28C397F900AB7E3A /* SceneDelegate.swift */,
				215678FD28C397F900AB7E3A /* MoviesViewController.swift */,
				215678FF28C397F900AB7E3A /* Main.storyboard */,
				21E544D828CA85D300BA7BD7 /* MovieGridCell.swift */,
				21E544D628CA81CF00BA7BD7 /* MoviesGridViewController.swift */,
				2156790228C397FA00AB7E3A /* Assets.xcassets */,
				2156790428C397FA00AB7E3A /* LaunchScreen.storyboard */,
				2156790728C397FA00AB7E3A /* Info.plist */,
				21F2F6FF28C3AF5600BB1DA9 /* MovieCell.swift */,
				21F2F70128CA6D3A00BB1DA9 /* MovieDetailsViewController.swift */,
			);
			path = Assignment1;
			sourceTree = "<group>";
		};
		2156790F28C397FA00AB7E3A /* Assignment1Tests */ = {
			isa = PBXGroup;
			children = (
				2156791028C397FA00AB7E3A /* Assignment1Tests.swift */,
			);
			path = Assignment1Tests;
			sourceTree = "<group>";
		};
		2156791928C397FA00AB7E3A /* Assignment1UITests */ = {
			isa = PBXGroup;
			children = (
				2156791A28C397FA00AB7E3A /* Assignment1UITests.swift */,
				2156791C28C397FA00AB7E3A /* Assignment1UITestsLaunchTests.swift */,
			);
			path = Assignment1UITests;
			sourceTree = "<group>";
		};
		2D0D5C63D42B2A1286344A25 /* Frameworks */ = {
			isa = PBXGroup;
			children = (
				749DC1D8A9727307B43B1BB9 /* Pods_Assignment1.framework */,
				A5F6EAFC46814DAF7FF3C2D4 /* Pods_Assignment1_Assignment1UITests.framework */,
				AE7A6FB93574559685A1461A /* Pods_Assignment1Tests.framework */,
			);
			name = Frameworks;
			sourceTree = "<group>";
		};
		7A40110586ED0D294055F477 /* Pods */ = {
			isa = PBXGroup;
			children = (
				1160D802D92A08CD85040E84 /* Pods-Assignment1.debug.xcconfig */,
				A7DC17B98E3991A6B7A67F9D /* Pods-Assignment1.release.xcconfig */,
				EDFAFCE5F7103E882358A58E /* Pods-Assignment1-Assignment1UITests.debug.xcconfig */,
				9E8B54BDDD7B7AE37399F2DA /* Pods-Assignment1-Assignment1UITests.release.xcconfig */,
				CD06107E506971C20F6FEBA9 /* Pods-Assignment1Tests.debug.xcconfig */,
				F6710D4F7B14D8E936AA6373 /* Pods-Assignment1Tests.release.xcconfig */,
			);
			path = Pods;
			sourceTree = "<group>";
		};
/* End PBXGroup section */

/* Begin PBXNativeTarget section */
		215678F528C397F900AB7E3A /* Assignment1 */ = {
			isa = PBXNativeTarget;
			buildConfigurationList = 2156792028C397FA00AB7E3A /* Build configuration list for PBXNativeTarget "Assignment1" */;
			buildPhases = (
				D40DC27F5787C35D5FDDBF57 /* [CP] Check Pods Manifest.lock */,
				215678F228C397F900AB7E3A /* Sources */,
				215678F328C397F900AB7E3A /* Frameworks */,
				215678F428C397F900AB7E3A /* Resources */,
				8DC936B79ADD4FAD300429C7 /* [CP] Embed Pods Frameworks */,
			);
			buildRules = (
			);
			dependencies = (
			);
			name = Assignment1;
			productName = Assignment1;
			productReference = 215678F628C397F900AB7E3A /* Assignment1.app */;
			productType = "com.apple.product-type.application";
		};
		2156790B28C397FA00AB7E3A /* Assignment1Tests */ = {
			isa = PBXNativeTarget;
			buildConfigurationList = 2156792328C397FA00AB7E3A /* Build configuration list for PBXNativeTarget "Assignment1Tests" */;
			buildPhases = (
				774E3CFE9D35A131B4697324 /* [CP] Check Pods Manifest.lock */,
				2156790828C397FA00AB7E3A /* Sources */,
				2156790928C397FA00AB7E3A /* Frameworks */,
				2156790A28C397FA00AB7E3A /* Resources */,
			);
			buildRules = (
			);
			dependencies = (
				2156790E28C397FA00AB7E3A /* PBXTargetDependency */,
			);
			name = Assignment1Tests;
			productName = Assignment1Tests;
			productReference = 2156790C28C397FA00AB7E3A /* Assignment1Tests.xctest */;
			productType = "com.apple.product-type.bundle.unit-test";
		};
		2156791528C397FA00AB7E3A /* Assignment1UITests */ = {
			isa = PBXNativeTarget;
			buildConfigurationList = 2156792628C397FA00AB7E3A /* Build configuration list for PBXNativeTarget "Assignment1UITests" */;
			buildPhases = (
				DD3CEF6CEF2AB29BA8F7926E /* [CP] Check Pods Manifest.lock */,
				2156791228C397FA00AB7E3A /* Sources */,
				2156791328C397FA00AB7E3A /* Frameworks */,
				2156791428C397FA00AB7E3A /* Resources */,
				E9DC01A9A114583712C9F258 /* [CP] Embed Pods Frameworks */,
			);
			buildRules = (
			);
			dependencies = (
				2156791828C397FA00AB7E3A /* PBXTargetDependency */,
			);
			name = Assignment1UITests;
			productName = Assignment1UITests;
			productReference = 2156791628C397FA00AB7E3A /* Assignment1UITests.xctest */;
			productType = "com.apple.product-type.bundle.ui-testing";
		};
/* End PBXNativeTarget section */

/* Begin PBXProject section */
		215678EE28C397F900AB7E3A /* Project object */ = {
			isa = PBXProject;
			attributes = {
				BuildIndependentTargetsInParallel = 1;
				LastSwiftUpdateCheck = 1340;
				LastUpgradeCheck = 1340;
				TargetAttributes = {
					215678F528C397F900AB7E3A = {
						CreatedOnToolsVersion = 13.4.1;
					};
					2156790B28C397FA00AB7E3A = {
						CreatedOnToolsVersion = 13.4.1;
						TestTargetID = 215678F528C397F900AB7E3A;
					};
					2156791528C397FA00AB7E3A = {
						CreatedOnToolsVersion = 13.4.1;
						TestTargetID = 215678F528C397F900AB7E3A;
					};
				};
			};
			buildConfigurationList = 215678F128C397F900AB7E3A /* Build configuration list for PBXProject "Assignment1" */;
			compatibilityVersion = "Xcode 13.0";
			developmentRegion = en;
			hasScannedForEncodings = 0;
			knownRegions = (
				en,
				Base,
			);
			mainGroup = 215678ED28C397F900AB7E3A;
			productRefGroup = 215678F728C397F900AB7E3A /* Products */;
			projectDirPath = "";
			projectRoot = "";
			targets = (
				215678F528C397F900AB7E3A /* Assignment1 */,
				2156790B28C397FA00AB7E3A /* Assignment1Tests */,
				2156791528C397FA00AB7E3A /* Assignment1UITests */,
			);
		};
/* End PBXProject section */

/* Begin PBXResourcesBuildPhase section */
		215678F428C397F900AB7E3A /* Resources */ = {
			isa = PBXResourcesBuildPhase;
			buildActionMask = 2147483647;
			files = (
				2156790628C397FA00AB7E3A /* LaunchScreen.storyboard in Resources */,
				2156790328C397FA00AB7E3A /* Assets.xcassets in Resources */,
				2156790128C397F900AB7E3A /* Main.storyboard in Resources */,
			);
			runOnlyForDeploymentPostprocessing = 0;
		};
		2156790A28C397FA00AB7E3A /* Resources */ = {
			isa = PBXResourcesBuildPhase;
			buildActionMask = 2147483647;
			files = (
			);
			runOnlyForDeploymentPostprocessing = 0;
		};
		2156791428C397FA00AB7E3A /* Resources */ = {
			isa = PBXResourcesBuildPhase;
			buildActionMask = 2147483647;
			files = (
			);
			runOnlyForDeploymentPostprocessing = 0;
		};
/* End PBXResourcesBuildPhase section */

/* Begin PBXShellScriptBuildPhase section */
		774E3CFE9D35A131B4697324 /* [CP] Check Pods Manifest.lock */ = {
			isa = PBXShellScriptBuildPhase;
			buildActionMask = 2147483647;
			files = (
			);
			inputFileListPaths = (
			);
			inputPaths = (
				"${PODS_PODFILE_DIR_PATH}/Podfile.lock",
				"${PODS_ROOT}/Manifest.lock",
			);
			name = "[CP] Check Pods Manifest.lock";
			outputFileListPaths = (
			);
			outputPaths = (
				"$(DERIVED_FILE_DIR)/Pods-Assignment1Tests-checkManifestLockResult.txt",
			);
			runOnlyForDeploymentPostprocessing = 0;
			shellPath = /bin/sh;
			shellScript = "diff \"${PODS_PODFILE_DIR_PATH}/Podfile.lock\" \"${PODS_ROOT}/Manifest.lock\" > /dev/null\nif [ $? != 0 ] ; then\n    # print error to STDERR\n    echo \"error: The sandbox is not in sync with the Podfile.lock. Run 'pod install' or update your CocoaPods installation.\" >&2\n    exit 1\nfi\n# This output is used by Xcode 'outputs' to avoid re-running this script phase.\necho \"SUCCESS\" > \"${SCRIPT_OUTPUT_FILE_0}\"\n";
			showEnvVarsInLog = 0;
		};
		8DC936B79ADD4FAD300429C7 /* [CP] Embed Pods Frameworks */ = {
			isa = PBXShellScriptBuildPhase;
			buildActionMask = 2147483647;
			files = (
			);
			inputFileListPaths = (
				"${PODS_ROOT}/Target Support Files/Pods-Assignment1/Pods-Assignment1-frameworks-${CONFIGURATION}-input-files.xcfilelist",
			);
			name = "[CP] Embed Pods Frameworks";
			outputFileListPaths = (
				"${PODS_ROOT}/Target Support Files/Pods-Assignment1/Pods-Assignment1-frameworks-${CONFIGURATION}-output-files.xcfilelist",
			);
			runOnlyForDeploymentPostprocessing = 0;
			shellPath = /bin/sh;
			shellScript = "\"${PODS_ROOT}/Target Support Files/Pods-Assignment1/Pods-Assignment1-frameworks.sh\"\n";
			showEnvVarsInLog = 0;
		};
		D40DC27F5787C35D5FDDBF57 /* [CP] Check Pods Manifest.lock */ = {
			isa = PBXShellScriptBuildPhase;
			buildActionMask = 2147483647;
			files = (
			);
			inputFileListPaths = (
			);
			inputPaths = (
				"${PODS_PODFILE_DIR_PATH}/Podfile.lock",
				"${PODS_ROOT}/Manifest.lock",
			);
			name = "[CP] Check Pods Manifest.lock";
			outputFileListPaths = (
			);
			outputPaths = (
				"$(DERIVED_FILE_DIR)/Pods-Assignment1-checkManifestLockResult.txt",
			);
			runOnlyForDeploymentPostprocessing = 0;
			shellPath = /bin/sh;
			shellScript = "diff \"${PODS_PODFILE_DIR_PATH}/Podfile.lock\" \"${PODS_ROOT}/Manifest.lock\" > /dev/null\nif [ $? != 0 ] ; then\n    # print error to STDERR\n    echo \"error: The sandbox is not in sync with the Podfile.lock. Run 'pod install' or update your CocoaPods installation.\" >&2\n    exit 1\nfi\n# This output is used by Xcode 'outputs' to avoid re-running this script phase.\necho \"SUCCESS\" > \"${SCRIPT_OUTPUT_FILE_0}\"\n";
			showEnvVarsInLog = 0;
		};
		DD3CEF6CEF2AB29BA8F7926E /* [CP] Check Pods Manifest.lock */ = {
			isa = PBXShellScriptBuildPhase;
			buildActionMask = 2147483647;
			files = (
			);
			inputFileListPaths = (
			);
			inputPaths = (
				"${PODS_PODFILE_DIR_PATH}/Podfile.lock",
				"${PODS_ROOT}/Manifest.lock",
			);
			name = "[CP] Check Pods Manifest.lock";
			outputFileListPaths = (
			);
			outputPaths = (
				"$(DERIVED_FILE_DIR)/Pods-Assignment1-Assignment1UITests-checkManifestLockResult.txt",
			);
			runOnlyForDeploymentPostprocessing = 0;
			shellPath = /bin/sh;
			shellScript = "diff \"${PODS_PODFILE_DIR_PATH}/Podfile.lock\" \"${PODS_ROOT}/Manifest.lock\" > /dev/null\nif [ $? != 0 ] ; then\n    # print error to STDERR\n    echo \"error: The sandbox is not in sync with the Podfile.lock. Run 'pod install' or update your CocoaPods installation.\" >&2\n    exit 1\nfi\n# This output is used by Xcode 'outputs' to avoid re-running this script phase.\necho \"SUCCESS\" > \"${SCRIPT_OUTPUT_FILE_0}\"\n";
			showEnvVarsInLog = 0;
		};
		E9DC01A9A114583712C9F258 /* [CP] Embed Pods Frameworks */ = {
			isa = PBXShellScriptBuildPhase;
			buildActionMask = 2147483647;
			files = (
			);
			inputFileListPaths = (
				"${PODS_ROOT}/Target Support Files/Pods-Assignment1-Assignment1UITests/Pods-Assignment1-Assignment1UITests-frameworks-${CONFIGURATION}-input-files.xcfilelist",
			);
			name = "[CP] Embed Pods Frameworks";
			outputFileListPaths = (
				"${PODS_ROOT}/Target Support Files/Pods-Assignment1-Assignment1UITests/Pods-Assignment1-Assignment1UITests-frameworks-${CONFIGURATION}-output-files.xcfilelist",
			);
			runOnlyForDeploymentPostprocessing = 0;
			shellPath = /bin/sh;
			shellScript = "\"${PODS_ROOT}/Target Support Files/Pods-Assignment1-Assignment1UITests/Pods-Assignment1-Assignment1UITests-frameworks.sh\"\n";
			showEnvVarsInLog = 0;
		};
/* End PBXShellScriptBuildPhase section */

/* Begin PBXSourcesBuildPhase section */
		215678F228C397F900AB7E3A /* Sources */ = {
			isa = PBXSourcesBuildPhase;
			buildActionMask = 2147483647;
			files = (
				21F2F70228CA6D3A00BB1DA9 /* MovieDetailsViewController.swift in Sources */,
				21E544D728CA81CF00BA7BD7 /* MoviesGridViewController.swift in Sources */,
				215678FE28C397F900AB7E3A /* MoviesViewController.swift in Sources */,
				215678FA28C397F900AB7E3A /* AppDelegate.swift in Sources */,
				21F2F70028C3AF5600BB1DA9 /* MovieCell.swift in Sources */,
				215678FC28C397F900AB7E3A /* SceneDelegate.swift in Sources */,
				21E544D928CA85D300BA7BD7 /* MovieGridCell.swift in Sources */,
			);
			runOnlyForDeploymentPostprocessing = 0;
		};
		2156790828C397FA00AB7E3A /* Sources */ = {
			isa = PBXSourcesBuildPhase;
			buildActionMask = 2147483647;
			files = (
				2156791128C397FA00AB7E3A /* Assignment1Tests.swift in Sources */,
			);
			runOnlyForDeploymentPostprocessing = 0;
		};
		2156791228C397FA00AB7E3A /* Sources */ = {
			isa = PBXSourcesBuildPhase;
			buildActionMask = 2147483647;
			files = (
				2156791B28C397FA00AB7E3A /* Assignment1UITests.swift in Sources */,
				2156791D28C397FA00AB7E3A /* Assignment1UITestsLaunchTests.swift in Sources */,
			);
			runOnlyForDeploymentPostprocessing = 0;
		};
/* End PBXSourcesBuildPhase section */

/* Begin PBXTargetDependency section */
		2156790E28C397FA00AB7E3A /* PBXTargetDependency */ = {
			isa = PBXTargetDependency;
			target = 215678F528C397F900AB7E3A /* Assignment1 */;
			targetProxy = 2156790D28C397FA00AB7E3A /* PBXContainerItemProxy */;
		};
		2156791828C397FA00AB7E3A /* PBXTargetDependency */ = {
			isa = PBXTargetDependency;
			target = 215678F528C397F900AB7E3A /* Assignment1 */;
			targetProxy = 2156791728C397FA00AB7E3A /* PBXContainerItemProxy */;
		};
/* End PBXTargetDependency section */

/* Begin PBXVariantGroup section */
		215678FF28C397F900AB7E3A /* Main.storyboard */ = {
			isa = PBXVariantGroup;
			children = (
				2156790028C397F900AB7E3A /* Base */,
			);
			name = Main.storyboard;
			sourceTree = "<group>";
		};
		2156790428C397FA00AB7E3A /* LaunchScreen.storyboard */ = {
			isa = PBXVariantGroup;
			children = (
				2156790528C397FA00AB7E3A /* Base */,
			);
			name = LaunchScreen.storyboard;
			sourceTree = "<group>";
		};
/* End PBXVariantGroup section */

/* Begin XCBuildConfiguration section */
		2156791E28C397FA00AB7E3A /* Debug */ = {
			isa = XCBuildConfiguration;
			buildSettings = {
				ALWAYS_SEARCH_USER_PATHS = NO;
				CLANG_ANALYZER_NONNULL = YES;
				CLANG_ANALYZER_NUMBER_OBJECT_CONVERSION = YES_AGGRESSIVE;
				CLANG_CXX_LANGUAGE_STANDARD = "gnu++17";
				CLANG_ENABLE_MODULES = YES;
				CLANG_ENABLE_OBJC_ARC = YES;
				CLANG_ENABLE_OBJC_WEAK = YES;
				CLANG_WARN_BLOCK_CAPTURE_AUTORELEASING = YES;
				CLANG_WARN_BOOL_CONVERSION = YES;
				CLANG_WARN_COMMA = YES;
				CLANG_WARN_CONSTANT_CONVERSION = YES;
				CLANG_WARN_DEPRECATED_OBJC_IMPLEMENTATIONS = YES;
				CLANG_WARN_DIRECT_OBJC_ISA_USAGE = YES_ERROR;
				CLANG_WARN_DOCUMENTATION_COMMENTS = YES;
				CLANG_WARN_EMPTY_BODY = YES;
				CLANG_WARN_ENUM_CONVERSION = YES;
				CLANG_WARN_INFINITE_RECURSION = YES;
				CLANG_WARN_INT_CONVERSION = YES;
				CLANG_WARN_NON_LITERAL_NULL_CONVERSION = YES;
				CLANG_WARN_OBJC_IMPLICIT_RETAIN_SELF = YES;
				CLANG_WARN_OBJC_LITERAL_CONVERSION = YES;
				CLANG_WARN_OBJC_ROOT_CLASS = YES_ERROR;
				CLANG_WARN_QUOTED_INCLUDE_IN_FRAMEWORK_HEADER = YES;
				CLANG_WARN_RANGE_LOOP_ANALYSIS = YES;
				CLANG_WARN_STRICT_PROTOTYPES = YES;
				CLANG_WARN_SUSPICIOUS_MOVE = YES;
				CLANG_WARN_UNGUARDED_AVAILABILITY = YES_AGGRESSIVE;
				CLANG_WARN_UNREACHABLE_CODE = YES;
				CLANG_WARN__DUPLICATE_METHOD_MATCH = YES;
				COPY_PHASE_STRIP = NO;
				DEBUG_INFORMATION_FORMAT = dwarf;
				ENABLE_STRICT_OBJC_MSGSEND = YES;
				ENABLE_TESTABILITY = YES;
				GCC_C_LANGUAGE_STANDARD = gnu11;
				GCC_DYNAMIC_NO_PIC = NO;
				GCC_NO_COMMON_BLOCKS = YES;
				GCC_OPTIMIZATION_LEVEL = 0;
				GCC_PREPROCESSOR_DEFINITIONS = (
					"DEBUG=1",
					"$(inherited)",
				);
				GCC_WARN_64_TO_32_BIT_CONVERSION = YES;
				GCC_WARN_ABOUT_RETURN_TYPE = YES_ERROR;
				GCC_WARN_UNDECLARED_SELECTOR = YES;
				GCC_WARN_UNINITIALIZED_AUTOS = YES_AGGRESSIVE;
				GCC_WARN_UNUSED_FUNCTION = YES;
				GCC_WARN_UNUSED_VARIABLE = YES;
				IPHONEOS_DEPLOYMENT_TARGET = 15.5;
				MTL_ENABLE_DEBUG_INFO = INCLUDE_SOURCE;
				MTL_FAST_MATH = YES;
				ONLY_ACTIVE_ARCH = YES;
				SDKROOT = iphoneos;
				SWIFT_ACTIVE_COMPILATION_CONDITIONS = DEBUG;
				SWIFT_OPTIMIZATION_LEVEL = "-Onone";
			};
			name = Debug;
		};
		2156791F28C397FA00AB7E3A /* Release */ = {
			isa = XCBuildConfiguration;
			buildSettings = {
				ALWAYS_SEARCH_USER_PATHS = NO;
				CLANG_ANALYZER_NONNULL = YES;
				CLANG_ANALYZER_NUMBER_OBJECT_CONVERSION = YES_AGGRESSIVE;
				CLANG_CXX_LANGUAGE_STANDARD = "gnu++17";
				CLANG_ENABLE_MODULES = YES;
				CLANG_ENABLE_OBJC_ARC = YES;
				CLANG_ENABLE_OBJC_WEAK = YES;
				CLANG_WARN_BLOCK_CAPTURE_AUTORELEASING = YES;
				CLANG_WARN_BOOL_CONVERSION = YES;
				CLANG_WARN_COMMA = YES;
				CLANG_WARN_CONSTANT_CONVERSION = YES;
				CLANG_WARN_DEPRECATED_OBJC_IMPLEMENTATIONS = YES;
				CLANG_WARN_DIRECT_OBJC_ISA_USAGE = YES_ERROR;
				CLANG_WARN_DOCUMENTATION_COMMENTS = YES;
				CLANG_WARN_EMPTY_BODY = YES;
				CLANG_WARN_ENUM_CONVERSION = YES;
				CLANG_WARN_INFINITE_RECURSION = YES;
				CLANG_WARN_INT_CONVERSION = YES;
				CLANG_WARN_NON_LITERAL_NULL_CONVERSION = YES;
				CLANG_WARN_OBJC_IMPLICIT_RETAIN_SELF = YES;
				CLANG_WARN_OBJC_LITERAL_CONVERSION = YES;
				CLANG_WARN_OBJC_ROOT_CLASS = YES_ERROR;
				CLANG_WARN_QUOTED_INCLUDE_IN_FRAMEWORK_HEADER = YES;
				CLANG_WARN_RANGE_LOOP_ANALYSIS = YES;
				CLANG_WARN_STRICT_PROTOTYPES = YES;
				CLANG_WARN_SUSPICIOUS_MOVE = YES;
				CLANG_WARN_UNGUARDED_AVAILABILITY = YES_AGGRESSIVE;
				CLANG_WARN_UNREACHABLE_CODE = YES;
				CLANG_WARN__DUPLICATE_METHOD_MATCH = YES;
				COPY_PHASE_STRIP = NO;
				DEBUG_INFORMATION_FORMAT = "dwarf-with-dsym";
				ENABLE_NS_ASSERTIONS = NO;
				ENABLE_STRICT_OBJC_MSGSEND = YES;
				GCC_C_LANGUAGE_STANDARD = gnu11;
				GCC_NO_COMMON_BLOCKS = YES;
				GCC_WARN_64_TO_32_BIT_CONVERSION = YES;
				GCC_WARN_ABOUT_RETURN_TYPE = YES_ERROR;
				GCC_WARN_UNDECLARED_SELECTOR = YES;
				GCC_WARN_UNINITIALIZED_AUTOS = YES_AGGRESSIVE;
				GCC_WARN_UNUSED_FUNCTION = YES;
				GCC_WARN_UNUSED_VARIABLE = YES;
				IPHONEOS_DEPLOYMENT_TARGET = 15.5;
				MTL_ENABLE_DEBUG_INFO = NO;
				MTL_FAST_MATH = YES;
				SDKROOT = iphoneos;
				SWIFT_COMPILATION_MODE = wholemodule;
				SWIFT_OPTIMIZATION_LEVEL = "-O";
				VALIDATE_PRODUCT = YES;
			};
			name = Release;
		};
		2156792128C397FA00AB7E3A /* Debug */ = {
			isa = XCBuildConfiguration;
			baseConfigurationReference = 1160D802D92A08CD85040E84 /* Pods-Assignment1.debug.xcconfig */;
			buildSettings = {
				ASSETCATALOG_COMPILER_APPICON_NAME = AppIcon;
				ASSETCATALOG_COMPILER_GLOBAL_ACCENT_COLOR_NAME = AccentColor;
				CODE_SIGN_STYLE = Automatic;
				CURRENT_PROJECT_VERSION = 1;
				DEVELOPMENT_TEAM = PAY3LNW7JB;
				GENERATE_INFOPLIST_FILE = YES;
				INFOPLIST_FILE = Assignment1/Info.plist;
				INFOPLIST_KEY_UIApplicationSupportsIndirectInputEvents = YES;
				INFOPLIST_KEY_UILaunchStoryboardName = LaunchScreen;
				INFOPLIST_KEY_UIMainStoryboardFile = Main;
				INFOPLIST_KEY_UISupportedInterfaceOrientations_iPad = "UIInterfaceOrientationPortrait UIInterfaceOrientationPortraitUpsideDown UIInterfaceOrientationLandscapeLeft UIInterfaceOrientationLandscapeRight";
				INFOPLIST_KEY_UISupportedInterfaceOrientations_iPhone = "UIInterfaceOrientationPortrait UIInterfaceOrientationLandscapeLeft UIInterfaceOrientationLandscapeRight";
				LD_RUNPATH_SEARCH_PATHS = (
					"$(inherited)",
					"@executable_path/Frameworks",
				);
				MARKETING_VERSION = 1.0;
				PRODUCT_BUNDLE_IDENTIFIER = com.codepath.Assignment1.Assignment1;
				PRODUCT_NAME = "$(TARGET_NAME)";
				SWIFT_EMIT_LOC_STRINGS = YES;
				SWIFT_VERSION = 5.0;
				TARGETED_DEVICE_FAMILY = "1,2";
			};
			name = Debug;
		};
		2156792228C397FA00AB7E3A /* Release */ = {
			isa = XCBuildConfiguration;
			baseConfigurationReference = A7DC17B98E3991A6B7A67F9D /* Pods-Assignment1.release.xcconfig */;
			buildSettings = {
				ASSETCATALOG_COMPILER_APPICON_NAME = AppIcon;
				ASSETCATALOG_COMPILER_GLOBAL_ACCENT_COLOR_NAME = AccentColor;
				CODE_SIGN_STYLE = Automatic;
				CURRENT_PROJECT_VERSION = 1;
				DEVELOPMENT_TEAM = PAY3LNW7JB;
				GENERATE_INFOPLIST_FILE = YES;
				INFOPLIST_FILE = Assignment1/Info.plist;
				INFOPLIST_KEY_UIApplicationSupportsIndirectInputEvents = YES;
				INFOPLIST_KEY_UILaunchStoryboardName = LaunchScreen;
				INFOPLIST_KEY_UIMainStoryboardFile = Main;
				INFOPLIST_KEY_UISupportedInterfaceOrientations_iPad = "UIInterfaceOrientationPortrait UIInterfaceOrientationPortraitUpsideDown UIInterfaceOrientationLandscapeLeft UIInterfaceOrientationLandscapeRight";
				INFOPLIST_KEY_UISupportedInterfaceOrientations_iPhone = "UIInterfaceOrientationPortrait UIInterfaceOrientationLandscapeLeft UIInterfaceOrientationLandscapeRight";
				LD_RUNPATH_SEARCH_PATHS = (
					"$(inherited)",
					"@executable_path/Frameworks",
				);
				MARKETING_VERSION = 1.0;
				PRODUCT_BUNDLE_IDENTIFIER = com.codepath.Assignment1.Assignment1;
				PRODUCT_NAME = "$(TARGET_NAME)";
				SWIFT_EMIT_LOC_STRINGS = YES;
				SWIFT_VERSION = 5.0;
				TARGETED_DEVICE_FAMILY = "1,2";
			};
			name = Release;
		};
		2156792428C397FA00AB7E3A /* Debug */ = {
			isa = XCBuildConfiguration;
			baseConfigurationReference = CD06107E506971C20F6FEBA9 /* Pods-Assignment1Tests.debug.xcconfig */;
			buildSettings = {
				ALWAYS_EMBED_SWIFT_STANDARD_LIBRARIES = YES;
				BUNDLE_LOADER = "$(TEST_HOST)";
				CODE_SIGN_STYLE = Automatic;
				CURRENT_PROJECT_VERSION = 1;
				DEVELOPMENT_TEAM = PAY3LNW7JB;
				GENERATE_INFOPLIST_FILE = YES;
				IPHONEOS_DEPLOYMENT_TARGET = 15.5;
				MARKETING_VERSION = 1.0;
				PRODUCT_BUNDLE_IDENTIFIER = com.codepath.Assignment1.Assignment1Tests;
				PRODUCT_NAME = "$(TARGET_NAME)";
				SWIFT_EMIT_LOC_STRINGS = NO;
				SWIFT_VERSION = 5.0;
				TARGETED_DEVICE_FAMILY = "1,2";
				TEST_HOST = "$(BUILT_PRODUCTS_DIR)/Assignment1.app/Assignment1";
			};
			name = Debug;
		};
		2156792528C397FA00AB7E3A /* Release */ = {
			isa = XCBuildConfiguration;
			baseConfigurationReference = F6710D4F7B14D8E936AA6373 /* Pods-Assignment1Tests.release.xcconfig */;
			buildSettings = {
				ALWAYS_EMBED_SWIFT_STANDARD_LIBRARIES = YES;
				BUNDLE_LOADER = "$(TEST_HOST)";
				CODE_SIGN_STYLE = Automatic;
				CURRENT_PROJECT_VERSION = 1;
				DEVELOPMENT_TEAM = PAY3LNW7JB;
				GENERATE_INFOPLIST_FILE = YES;
				IPHONEOS_DEPLOYMENT_TARGET = 15.5;
				MARKETING_VERSION = 1.0;
				PRODUCT_BUNDLE_IDENTIFIER = com.codepath.Assignment1.Assignment1Tests;
				PRODUCT_NAME = "$(TARGET_NAME)";
				SWIFT_EMIT_LOC_STRINGS = NO;
				SWIFT_VERSION = 5.0;
				TARGETED_DEVICE_FAMILY = "1,2";
				TEST_HOST = "$(BUILT_PRODUCTS_DIR)/Assignment1.app/Assignment1";
			};
			name = Release;
		};
		2156792728C397FA00AB7E3A /* Debug */ = {
			isa = XCBuildConfiguration;
			baseConfigurationReference = EDFAFCE5F7103E882358A58E /* Pods-Assignment1-Assignment1UITests.debug.xcconfig */;
			buildSettings = {
				ALWAYS_EMBED_SWIFT_STANDARD_LIBRARIES = YES;
				CODE_SIGN_STYLE = Automatic;
				CURRENT_PROJECT_VERSION = 1;
				DEVELOPMENT_TEAM = PAY3LNW7JB;
				GENERATE_INFOPLIST_FILE = YES;
				MARKETING_VERSION = 1.0;
				PRODUCT_BUNDLE_IDENTIFIER = com.codepath.Assignment1.Assignment1UITests;
				PRODUCT_NAME = "$(TARGET_NAME)";
				SWIFT_EMIT_LOC_STRINGS = NO;
				SWIFT_VERSION = 5.0;
				TARGETED_DEVICE_FAMILY = "1,2";
				TEST_TARGET_NAME = Assignment1;
			};
			name = Debug;
		};
		2156792828C397FA00AB7E3A /* Release */ = {
			isa = XCBuildConfiguration;
			baseConfigurationReference = 9E8B54BDDD7B7AE37399F2DA /* Pods-Assignment1-Assignment1UITests.release.xcconfig */;
			buildSettings = {
				ALWAYS_EMBED_SWIFT_STANDARD_LIBRARIES = YES;
				CODE_SIGN_STYLE = Automatic;
				CURRENT_PROJECT_VERSION = 1;
				DEVELOPMENT_TEAM = PAY3LNW7JB;
				GENERATE_INFOPLIST_FILE = YES;
				MARKETING_VERSION = 1.0;
				PRODUCT_BUNDLE_IDENTIFIER = com.codepath.Assignment1.Assignment1UITests;
				PRODUCT_NAME = "$(TARGET_NAME)";
				SWIFT_EMIT_LOC_STRINGS = NO;
				SWIFT_VERSION = 5.0;
				TARGETED_DEVICE_FAMILY = "1,2";
				TEST_TARGET_NAME = Assignment1;
			};
			name = Release;
		};
/* End XCBuildConfiguration section */

/* Begin XCConfigurationList section */
		215678F128C397F900AB7E3A /* Build configuration list for PBXProject "Assignment1" */ = {
			isa = XCConfigurationList;
			buildConfigurations = (
				2156791E28C397FA00AB7E3A /* Debug */,
				2156791F28C397FA00AB7E3A /* Release */,
			);
			defaultConfigurationIsVisible = 0;
			defaultConfigurationName = Release;
		};
		2156792028C397FA00AB7E3A /* Build configuration list for PBXNativeTarget "Assignment1" */ = {
			isa = XCConfigurationList;
			buildConfigurations = (
				2156792128C397FA00AB7E3A /* Debug */,
				2156792228C397FA00AB7E3A /* Release */,
			);
			defaultConfigurationIsVisible = 0;
			defaultConfigurationName = Release;
		};
		2156792328C397FA00AB7E3A /* Build configuration list for PBXNativeTarget "Assignment1Tests" */ = {
			isa = XCConfigurationList;
			buildConfigurations = (
				2156792428C397FA00AB7E3A /* Debug */,
				2156792528C397FA00AB7E3A /* Release */,
			);
			defaultConfigurationIsVisible = 0;
			defaultConfigurationName = Release;
		};
		2156792628C397FA00AB7E3A /* Build configuration list for PBXNativeTarget "Assignment1UITests" */ = {
			isa = XCConfigurationList;
			buildConfigurations = (
				2156792728C397FA00AB7E3A /* Debug */,
				2156792828C397FA00AB7E3A /* Release */,
			);
			defaultConfigurationIsVisible = 0;
			defaultConfigurationName = Release;
		};
/* End XCConfigurationList section */
	};
	rootObject = 215678EE28C397F900AB7E3A /* Project object */;
}
